
Microsoft Visual Studio Solution File, Format Version 12.00
# Visual Studio Version 17
VisualStudioVersion = 17.14.36408.4
MinimumVisualStudioVersion = 10.0.40219.1
Project("{FAE04EC0-301F-11D3-BF4B-00C04F79EFBC}") = "PDFIndexer", "PDFIndexer\PDFIndexer.csproj", "{DB5D378F-E124-45AE-8D81-644E07EE81D1}"
	ProjectSection(ProjectDependencies) = postProject
		{6AAF0B20-94DF-4F17-B04B-077443427F19} = {6AAF0B20-94DF-4F17-B04B-077443427F19}
	EndProjectSection
EndProject
Project("{FAE04EC0-301F-11D3-BF4B-00C04F79EFBC}") = "PDFIndexerOCR", "PDFIndexerOCR\PDFIndexerOCR.csproj", "{6AAF0B20-94DF-4F17-B04B-077443427F19}"
EndProject
Project("{FAE04EC0-301F-11D3-BF4B-00C04F79EFBC}") = "PDFIndexerShared", "PDFIndexerShared\PDFIndexerShared.csproj", "{F32C1726-9779-4151-A21F-D40765570159}"
EndProject
Global
	GlobalSection(SolutionConfigurationPlatforms) = preSolution
		Debug|x64 = Debug|x64
		Release|x64 = Release|x64
	EndGlobalSection
	GlobalSection(ProjectConfigurationPlatforms) = postSolution
		{DB5D378F-E124-45AE-8D81-644E07EE81D1}.Debug|x64.ActiveCfg = Debug|Any CPU
		{DB5D378F-E124-45AE-8D81-644E07EE81D1}.Debug|x64.Build.0 = Debug|Any CPU
		{DB5D378F-E124-45AE-8D81-644E07EE81D1}.Release|x64.ActiveCfg = Release|Any CPU
		{DB5D378F-E124-45AE-8D81-644E07EE81D1}.Release|x64.Build.0 = Release|Any CPU
		{6AAF0B20-94DF-4F17-B04B-077443427F19}.Debug|x64.ActiveCfg = Debug|x64
		{6AAF0B20-94DF-4F17-B04B-077443427F19}.Debug|x64.Build.0 = Debug|x64
		{6AAF0B20-94DF-4F17-B04B-077443427F19}.Release|x64.ActiveCfg = Release|x64
		{6AAF0B20-94DF-4F17-B04B-077443427F19}.Release|x64.Build.0 = Release|x64
		{F32C1726-9779-4151-A21F-D40765570159}.Debug|x64.ActiveCfg = Debug|Any CPU
		{F32C1726-9779-4151-A21F-D40765570159}.Debug|x64.Build.0 = Debug|Any CPU
		{F32C1726-9779-4151-A21F-D40765570159}.Release|x64.ActiveCfg = Release|Any CPU
		{F32C1726-9779-4151-A21F-D40765570159}.Release|x64.Build.0 = Release|Any CPU
	EndGlobalSection
	GlobalSection(SolutionProperties) = preSolution
		HideSolutionNode = FALSE
	EndGlobalSection
	GlobalSection(ExtensibilityGlobals) = postSolution
		SolutionGuid = {AEEB9BC1-A750-4C93-80EF-B937948F4051}
	EndGlobalSection
EndGlobal
